{
  "name": "Jean",
  "lockfileVersion": 3,
  "requires": true,
  "packages": {
    "": {
      "dependencies": {
        "@abp/bootstrap": "^7.0.1"
      }
    },
    "node_modules/@abp/bootstrap": {
      "version": "7.0.1",
      "resolved": "https://registry.npmjs.org/@abp/bootstrap/-/bootstrap-7.0.1.tgz",
      "integrity": "sha512-ghGI3FqGcWZNkG1mjYqpcRLQMbiOj8AEi0NQ+ANM2FX1AfbQjU2yI50nrUcOFkZLVzCe9bzZZ+sU2P4T9g510g==",
      "dependencies": {
        "@abp/core": "~7.0.1",
        "bootstrap": "^5.1.3"
      }
    },
    "node_modules/@abp/core": {
      "version": "7.0.1",
      "resolved": "https://registry.npmjs.org/@abp/core/-/core-7.0.1.tgz",
      "integrity": "sha512-lTaeq40RMGYJun8FU2N9ovqjSYseCJGVqHdyhiWVI8Mba/qAkCmxwgKqGZeKGhImwxwLXva0P5r2vClp59Ymzw==",
      "dependencies": {
        "@abp/utils": "~7.0.1"
      }
    },
    "node_modules/@abp/utils": {
      "version": "7.0.1",
      "resolved": "https://registry.npmjs.org/@abp/utils/-/utils-7.0.1.tgz",
      "integrity": "sha512-ruGndiJjtJBRbiBlzWaddJ8kkn+vOCcC26du29w0E2HLwvUjIba/Hz4AW4HEJqABoKO5J+yUSh+2htpfcBt8hg==",
      "dependencies": {
        "just-compare": "^1.3.0"
      }
    },
    "node_modules/@popperjs/core": {
      "version": "2.11.6",
      "resolved": "https://registry.npmjs.org/@popperjs/core/-/core-2.11.6.tgz",
      "integrity": "sha512-50/17A98tWUfQ176raKiOGXuYpLyyVMkxxG6oylzL3BPOlA6ADGdK7EYunSa4I064xerltq9TGXs8HmOk5E+vw==",
      "peer": true,
      "funding": {
        "type": "opencollective",
        "url": "https://opencollective.com/popperjs"
      }
    },
    "node_modules/bootstrap": {
      "version": "5.2.3",
      "resolved": "https://registry.npmjs.org/bootstrap/-/bootstrap-5.2.3.tgz",
      "integrity": "sha512-cEKPM+fwb3cT8NzQZYEu4HilJ3anCrWqh3CHAok1p9jXqMPsPTBhU25fBckEJHJ/p+tTxTFTsFQGM+gaHpi3QQ==",
      "funding": [
        {
          "type": "github",
          "url": "https://github.com/sponsors/twbs"
        },
        {
          "type": "opencollective",
          "url": "https://opencollective.com/bootstrap"
        }
      ],
      "peerDependencies": {
        "@popperjs/core": "^2.11.6"
      }
    },
    "node_modules/just-compare": {
      "version": "1.5.1",
      "resolved": "https://registry.npmjs.org/just-compare/-/just-compare-1.5.1.tgz",
      "integrity": "sha512-xDEEFHNIyJNmN4uo/2RVeUcay9THtN/5ka/iw98Y/gsa8w9KXZQuyaf5eFUY6VlntA2+G+bdPmdhqqTs7T+BRw=="
    }
  }
}
