
Microsoft Visual Studio Solution File, Format Version 12.00
# Visual Studio Version 16
VisualStudioVersion = 25.0.1705.1
MinimumVisualStudioVersion = 10.0.40219.1
Project("{FAE04EC0-301F-11D3-BF4B-00C04F79EFBC}") = "Dolphin.Freight.Application", "Dolphin.Freight.Application.csproj", "{AA6C23DA-361F-42B3-BCCD-5C7FA5D0A7A6}"
EndProject
Global
	GlobalSection(SolutionConfigurationPlatforms) = preSolution
		Debug|Any CPU = Debug|Any CPU
		Release|Any CPU = Release|Any CPU
	EndGlobalSection
	GlobalSection(ProjectConfigurationPlatforms) = postSolution
		{AA6C23DA-361F-42B3-BCCD-5C7FA5D0A7A6}.Debug|Any CPU.ActiveCfg = Debug|Any CPU
		{AA6C23DA-361F-42B3-BCCD-5C7FA5D0A7A6}.Debug|Any CPU.Build.0 = Debug|Any CPU
		{AA6C23DA-361F-42B3-BCCD-5C7FA5D0A7A6}.Release|Any CPU.ActiveCfg = Release|Any CPU
		{AA6C23DA-361F-42B3-BCCD-5C7FA5D0A7A6}.Release|Any CPU.Build.0 = Release|Any CPU
	EndGlobalSection
	GlobalSection(SolutionProperties) = preSolution
		HideSolutionNode = FALSE
	EndGlobalSection
	GlobalSection(ExtensibilityGlobals) = postSolution
		SolutionGuid = {283620CB-12ED-4B76-A9F7-3F3B3CA21905}
	EndGlobalSection
EndGlobal
